
Microsoft Visual Studio Solution File, Format Version 12.00
# Visual Studio 2013
VisualStudioVersion = 12.0.21005.1
MinimumVisualStudioVersion = 10.0.40219.1
Project("{FAE04EC0-301F-11D3-BF4B-00C04F79EFBC}") = "GymManager", "DesktopApplication\GymManager.csproj", "{7E13ADAE-801F-40A1-89BC-79C9D1507072}"
EndProject
Project("{FAE04EC0-301F-11D3-BF4B-00C04F79EFBC}") = "DataLayer", "DataLayer\DataLayer.csproj", "{EBAC1CC1-8E4C-42D3-A399-D5EFB9D3ADF9}"
EndProject
Global
	GlobalSection(SolutionConfigurationPlatforms) = preSolution
		Debug|Any CPU = Debug|Any CPU
		Release|Any CPU = Release|Any CPU
	EndGlobalSection
	GlobalSection(ProjectConfigurationPlatforms) = postSolution
		{7E13ADAE-801F-40A1-89BC-79C9D1507072}.Debug|Any CPU.ActiveCfg = Debug|Any CPU
		{7E13ADAE-801F-40A1-89BC-79C9D1507072}.Debug|Any CPU.Build.0 = Debug|Any CPU
		{7E13ADAE-801F-40A1-89BC-79C9D1507072}.Release|Any CPU.ActiveCfg = Release|Any CPU
		{7E13ADAE-801F-40A1-89BC-79C9D1507072}.Release|Any CPU.Build.0 = Release|Any CPU
		{EBAC1CC1-8E4C-42D3-A399-D5EFB9D3ADF9}.Debug|Any CPU.ActiveCfg = Debug|Any CPU
		{EBAC1CC1-8E4C-42D3-A399-D5EFB9D3ADF9}.Debug|Any CPU.Build.0 = Debug|Any CPU
		{EBAC1CC1-8E4C-42D3-A399-D5EFB9D3ADF9}.Release|Any CPU.ActiveCfg = Release|Any CPU
		{EBAC1CC1-8E4C-42D3-A399-D5EFB9D3ADF9}.Release|Any CPU.Build.0 = Release|Any CPU
	EndGlobalSection
	GlobalSection(SolutionProperties) = preSolution
		HideSolutionNode = FALSE
	EndGlobalSection
EndGlobal
